// !$*UTF8*$!
{
	archiveVersion = 1;
	classes = {
	};
	objectVersion = 56;
	objects = {

/* Begin PBXBuildFile section */
		C3168ADA2BE0DF790039F7BC /* LandingScreenModel.swift in Sources */ = {isa = PBXBuildFile; fileRef = C3168AD92BE0DF790039F7BC /* LandingScreenModel.swift */; };
		C3168ADC2BE0DFB30039F7BC /* LandingScreenPresenter.swift in Sources */ = {isa = PBXBuildFile; fileRef = C3168ADB2BE0DFB30039F7BC /* LandingScreenPresenter.swift */; };
		C3168ADF2BE0E0930039F7BC /* LandingScreenRouter.swift in Sources */ = {isa = PBXBuildFile; fileRef = C3168ADE2BE0E0930039F7BC /* LandingScreenRouter.swift */; };
		C3D3DC3B2BE0C97E0022FFDC /* AppDelegate.swift in Sources */ = {isa = PBXBuildFile; fileRef = C3D3DC3A2BE0C97E0022FFDC /* AppDelegate.swift */; };
		C3D3DC3D2BE0C97E0022FFDC /* SceneDelegate.swift in Sources */ = {isa = PBXBuildFile; fileRef = C3D3DC3C2BE0C97E0022FFDC /* SceneDelegate.swift */; };
		C3D3DC442BE0C97F0022FFDC /* Assets.xcassets in Resources */ = {isa = PBXBuildFile; fileRef = C3D3DC432BE0C97F0022FFDC /* Assets.xcassets */; };
		C3D3DC472BE0C97F0022FFDC /* LaunchScreen.storyboard in Resources */ = {isa = PBXBuildFile; fileRef = C3D3DC452BE0C97F0022FFDC /* LaunchScreen.storyboard */; };
		C3D3DC5A2BE0D3830022FFDC /* LandingScreen.swift in Sources */ = {isa = PBXBuildFile; fileRef = C3D3DC592BE0D3830022FFDC /* LandingScreen.swift */; };
/* End PBXBuildFile section */

/* Begin PBXFileReference section */
		C3168AD92BE0DF790039F7BC /* LandingScreenModel.swift */ = {isa = PBXFileReference; lastKnownFileType = sourcecode.swift; path = LandingScreenModel.swift; sourceTree = "<group>"; };
		C3168ADB2BE0DFB30039F7BC /* LandingScreenPresenter.swift */ = {isa = PBXFileReference; lastKnownFileType = sourcecode.swift; path = LandingScreenPresenter.swift; sourceTree = "<group>"; };
		C3168ADE2BE0E0930039F7BC /* LandingScreenRouter.swift */ = {isa = PBXFileReference; lastKnownFileType = sourcecode.swift; path = LandingScreenRouter.swift; sourceTree = "<group>"; };
		C3D3DC372BE0C97E0022FFDC /* DemoApp.app */ = {isa = PBXFileReference; explicitFileType = wrapper.application; includeInIndex = 0; path = DemoApp.app; sourceTree = BUILT_PRODUCTS_DIR; };
		C3D3DC3A2BE0C97E0022FFDC /* AppDelegate.swift */ = {isa = PBXFileReference; lastKnownFileType = sourcecode.swift; path = AppDelegate.swift; sourceTree = "<group>"; };
		C3D3DC3C2BE0C97E0022FFDC /* SceneDelegate.swift */ = {isa = PBXFileReference; lastKnownFileType = sourcecode.swift; path = SceneDelegate.swift; sourceTree = "<group>"; };
		C3D3DC432BE0C97F0022FFDC /* Assets.xcassets */ = {isa = PBXFileReference; lastKnownFileType = folder.assetcatalog; path = Assets.xcassets; sourceTree = "<group>"; };
		C3D3DC462BE0C97F0022FFDC /* Base */ = {isa = PBXFileReference; lastKnownFileType = file.storyboard; name = Base; path = Base.lproj/LaunchScreen.storyboard; sourceTree = "<group>"; };
		C3D3DC482BE0C97F0022FFDC /* Info.plist */ = {isa = PBXFileReference; lastKnownFileType = text.plist.xml; path = Info.plist; sourceTree = "<group>"; };
		C3D3DC592BE0D3830022FFDC /* LandingScreen.swift */ = {isa = PBXFileReference; lastKnownFileType = sourcecode.swift; path = LandingScreen.swift; sourceTree = "<group>"; };
/* End PBXFileReference section */

/* Begin PBXFrameworksBuildPhase section */
		C3D3DC342BE0C97E0022FFDC /* Frameworks */ = {
			isa = PBXFrameworksBuildPhase;
			buildActionMask = 2147483647;
			files = (
			);
			runOnlyForDeploymentPostprocessing = 0;
		};
/* End PBXFrameworksBuildPhase section */

/* Begin PBXGroup section */
		C3168ADD2BE0E0820039F7BC /* Router */ = {
			isa = PBXGroup;
			children = (
				C3168ADE2BE0E0930039F7BC /* LandingScreenRouter.swift */,
			);
			path = Router;
			sourceTree = "<group>";
		};
		C3D3DC2E2BE0C97E0022FFDC = {
			isa = PBXGroup;
			children = (
				C3D3DC392BE0C97E0022FFDC /* DemoApp */,
				C3D3DC382BE0C97E0022FFDC /* Products */,
			);
			sourceTree = "<group>";
		};
		C3D3DC382BE0C97E0022FFDC /* Products */ = {
			isa = PBXGroup;
			children = (
				C3D3DC372BE0C97E0022FFDC /* DemoApp.app */,
			);
			name = Products;
			sourceTree = "<group>";
		};
		C3D3DC392BE0C97E0022FFDC /* DemoApp */ = {
			isa = PBXGroup;
			children = (
				C3D3DC4F2BE0CA990022FFDC /* ViewControllers */,
				C3D3DC4E2BE0CA810022FFDC /* App */,
			);
			path = DemoApp;
			sourceTree = "<group>";
		};
		C3D3DC4E2BE0CA810022FFDC /* App */ = {
			isa = PBXGroup;
			children = (
				C3D3DC3A2BE0C97E0022FFDC /* AppDelegate.swift */,
				C3D3DC3C2BE0C97E0022FFDC /* SceneDelegate.swift */,
				C3D3DC432BE0C97F0022FFDC /* Assets.xcassets */,
				C3D3DC452BE0C97F0022FFDC /* LaunchScreen.storyboard */,
				C3D3DC482BE0C97F0022FFDC /* Info.plist */,
			);
			path = App;
			sourceTree = "<group>";
		};
		C3D3DC4F2BE0CA990022FFDC /* ViewControllers */ = {
			isa = PBXGroup;
			children = (
				C3D3DC542BE0CEBD0022FFDC /* LandingScreen */,
			);
			path = ViewControllers;
			sourceTree = "<group>";
		};
		C3D3DC542BE0CEBD0022FFDC /* LandingScreen */ = {
			isa = PBXGroup;
			children = (
				C3168ADD2BE0E0820039F7BC /* Router */,
				C3D3DC5B2BE0D6A30022FFDC /* Model */,
				C3D3DC5D2BE0D6BC0022FFDC /* Presenter */,
				C3D3DC5C2BE0D6B10022FFDC /* View */,
			);
			path = LandingScreen;
			sourceTree = "<group>";
		};
		C3D3DC5B2BE0D6A30022FFDC /* Model */ = {
			isa = PBXGroup;
			children = (
				C3168AD92BE0DF790039F7BC /* LandingScreenModel.swift */,
			);
			path = Model;
			sourceTree = "<group>";
		};
		C3D3DC5C2BE0D6B10022FFDC /* View */ = {
			isa = PBXGroup;
			children = (
				C3D3DC592BE0D3830022FFDC /* LandingScreen.swift */,
			);
			path = View;
			sourceTree = "<group>";
		};
		C3D3DC5D2BE0D6BC0022FFDC /* Presenter */ = {
			isa = PBXGroup;
			children = (
				C3168ADB2BE0DFB30039F7BC /* LandingScreenPresenter.swift */,
			);
			path = Presenter;
			sourceTree = "<group>";
		};
/* End PBXGroup section */

/* Begin PBXNativeTarget section */
		C3D3DC362BE0C97E0022FFDC /* DemoApp */ = {
			isa = PBXNativeTarget;
			buildConfigurationList = C3D3DC4B2BE0C97F0022FFDC /* Build configuration list for PBXNativeTarget "DemoApp" */;
			buildPhases = (
				C3D3DC332BE0C97E0022FFDC /* Sources */,
				C3D3DC342BE0C97E0022FFDC /* Frameworks */,
				C3D3DC352BE0C97E0022FFDC /* Resources */,
			);
			buildRules = (
			);
			dependencies = (
			);
			name = DemoApp;
			productName = DemoApp;
			productReference = C3D3DC372BE0C97E0022FFDC /* DemoApp.app */;
			productType = "com.apple.product-type.application";
		};
/* End PBXNativeTarget section */

/* Begin PBXProject section */
		C3D3DC2F2BE0C97E0022FFDC /* Project object */ = {
			isa = PBXProject;
			attributes = {
				BuildIndependentTargetsInParallel = 1;
				LastSwiftUpdateCheck = 1500;
				LastUpgradeCheck = 1500;
				TargetAttributes = {
					C3D3DC362BE0C97E0022FFDC = {
						CreatedOnToolsVersion = 15.0.1;
					};
				};
			};
			buildConfigurationList = C3D3DC322BE0C97E0022FFDC /* Build configuration list for PBXProject "DemoApp" */;
			compatibilityVersion = "Xcode 14.0";
			developmentRegion = en;
			hasScannedForEncodings = 0;
			knownRegions = (
				en,
				Base,
			);
			mainGroup = C3D3DC2E2BE0C97E0022FFDC;
			productRefGroup = C3D3DC382BE0C97E0022FFDC /* Products */;
			projectDirPath = "";
			projectRoot = "";
			targets = (
				C3D3DC362BE0C97E0022FFDC /* DemoApp */,
			);
		};
/* End PBXProject section */

/* Begin PBXResourcesBuildPhase section */
		C3D3DC352BE0C97E0022FFDC /* Resources */ = {
			isa = PBXResourcesBuildPhase;
			buildActionMask = 2147483647;
			files = (
				C3D3DC472BE0C97F0022FFDC /* LaunchScreen.storyboard in Resources */,
				C3D3DC442BE0C97F0022FFDC /* Assets.xcassets in Resources */,
			);
			runOnlyForDeploymentPostprocessing = 0;
		};
/* End PBXResourcesBuildPhase section */

/* Begin PBXSourcesBuildPhase section */
		C3D3DC332BE0C97E0022FFDC /* Sources */ = {
			isa = PBXSourcesBuildPhase;
			buildActionMask = 2147483647;
			files = (
				C3168ADF2BE0E0930039F7BC /* LandingScreenRouter.swift in Sources */,
				C3D3DC3B2BE0C97E0022FFDC /* AppDelegate.swift in Sources */,
				C3168ADA2BE0DF790039F7BC /* LandingScreenModel.swift in Sources */,
				C3D3DC3D2BE0C97E0022FFDC /* SceneDelegate.swift in Sources */,
				C3168ADC2BE0DFB30039F7BC /* LandingScreenPresenter.swift in Sources */,
				C3D3DC5A2BE0D3830022FFDC /* LandingScreen.swift in Sources */,
			);
			runOnlyForDeploymentPostprocessing = 0;
		};
/* End PBXSourcesBuildPhase section */

/* Begin PBXVariantGroup section */
		C3D3DC452BE0C97F0022FFDC /* LaunchScreen.storyboard */ = {
			isa = PBXVariantGroup;
			children = (
				C3D3DC462BE0C97F0022FFDC /* Base */,
			);
			name = LaunchScreen.storyboard;
			sourceTree = "<group>";
		};
/* End PBXVariantGroup section */

/* Begin XCBuildConfiguration section */
		C3D3DC492BE0C97F0022FFDC /* Debug */ = {
			isa = XCBuildConfiguration;
			buildSettings = {
				ALWAYS_SEARCH_USER_PATHS = NO;
				ASSETCATALOG_COMPILER_GENERATE_SWIFT_ASSET_SYMBOL_EXTENSIONS = YES;
				CLANG_ANALYZER_NONNULL = YES;
				CLANG_ANALYZER_NUMBER_OBJECT_CONVERSION = YES_AGGRESSIVE;
				CLANG_CXX_LANGUAGE_STANDARD = "gnu++20";
				CLANG_ENABLE_MODULES = YES;
				CLANG_ENABLE_OBJC_ARC = YES;
				CLANG_ENABLE_OBJC_WEAK = YES;
				CLANG_WARN_BLOCK_CAPTURE_AUTORELEASING = YES;
				CLANG_WARN_BOOL_CONVERSION = YES;
				CLANG_WARN_COMMA = YES;
				CLANG_WARN_CONSTANT_CONVERSION = YES;
				CLANG_WARN_DEPRECATED_OBJC_IMPLEMENTATIONS = YES;
				CLANG_WARN_DIRECT_OBJC_ISA_USAGE = YES_ERROR;
				CLANG_WARN_DOCUMENTATION_COMMENTS = YES;
				CLANG_WARN_EMPTY_BODY = YES;
				CLANG_WARN_ENUM_CONVERSION = YES;
				CLANG_WARN_INFINITE_RECURSION = YES;
				CLANG_WARN_INT_CONVERSION = YES;
				CLANG_WARN_NON_LITERAL_NULL_CONVERSION = YES;
				CLANG_WARN_OBJC_IMPLICIT_RETAIN_SELF = YES;
				CLANG_WARN_OBJC_LITERAL_CONVERSION = YES;
				CLANG_WARN_OBJC_ROOT_CLASS = YES_ERROR;
				CLANG_WARN_QUOTED_INCLUDE_IN_FRAMEWORK_HEADER = YES;
				CLANG_WARN_RANGE_LOOP_ANALYSIS = YES;
				CLANG_WARN_STRICT_PROTOTYPES = YES;
				CLANG_WARN_SUSPICIOUS_MOVE = YES;
				CLANG_WARN_UNGUARDED_AVAILABILITY = YES_AGGRESSIVE;
				CLANG_WARN_UNREACHABLE_CODE = YES;
				CLANG_WARN__DUPLICATE_METHOD_MATCH = YES;
				COPY_PHASE_STRIP = NO;
				DEBUG_INFORMATION_FORMAT = dwarf;
				ENABLE_STRICT_OBJC_MSGSEND = YES;
				ENABLE_TESTABILITY = YES;
				ENABLE_USER_SCRIPT_SANDBOXING = YES;
				GCC_C_LANGUAGE_STANDARD = gnu17;
				GCC_DYNAMIC_NO_PIC = NO;
				GCC_NO_COMMON_BLOCKS = YES;
				GCC_OPTIMIZATION_LEVEL = 0;
				GCC_PREPROCESSOR_DEFINITIONS = (
					"DEBUG=1",
					"$(inherited)",
				);
				GCC_WARN_64_TO_32_BIT_CONVERSION = YES;
				GCC_WARN_ABOUT_RETURN_TYPE = YES_ERROR;
				GCC_WARN_UNDECLARED_SELECTOR = YES;
				GCC_WARN_UNINITIALIZED_AUTOS = YES_AGGRESSIVE;
				GCC_WARN_UNUSED_FUNCTION = YES;
				GCC_WARN_UNUSED_VARIABLE = YES;
				IPHONEOS_DEPLOYMENT_TARGET = 17.0;
				LOCALIZATION_PREFERS_STRING_CATALOGS = YES;
				MTL_ENABLE_DEBUG_INFO = INCLUDE_SOURCE;
				MTL_FAST_MATH = YES;
				ONLY_ACTIVE_ARCH = YES;
				SDKROOT = iphoneos;
				SWIFT_ACTIVE_COMPILATION_CONDITIONS = "DEBUG $(inherited)";
				SWIFT_OPTIMIZATION_LEVEL = "-Onone";
			};
			name = Debug;
		};
		C3D3DC4A2BE0C97F0022FFDC /* Release */ = {
			isa = XCBuildConfiguration;
			buildSettings = {
				ALWAYS_SEARCH_USER_PATHS = NO;
				ASSETCATALOG_COMPILER_GENERATE_SWIFT_ASSET_SYMBOL_EXTENSIONS = YES;
				CLANG_ANALYZER_NONNULL = YES;
				CLANG_ANALYZER_NUMBER_OBJECT_CONVERSION = YES_AGGRESSIVE;
				CLANG_CXX_LANGUAGE_STANDARD = "gnu++20";
				CLANG_ENABLE_MODULES = YES;
				CLANG_ENABLE_OBJC_ARC = YES;
				CLANG_ENABLE_OBJC_WEAK = YES;
				CLANG_WARN_BLOCK_CAPTURE_AUTORELEASING = YES;
				CLANG_WARN_BOOL_CONVERSION = YES;
				CLANG_WARN_COMMA = YES;
				CLANG_WARN_CONSTANT_CONVERSION = YES;
				CLANG_WARN_DEPRECATED_OBJC_IMPLEMENTATIONS = YES;
				CLANG_WARN_DIRECT_OBJC_ISA_USAGE = YES_ERROR;
				CLANG_WARN_DOCUMENTATION_COMMENTS = YES;
				CLANG_WARN_EMPTY_BODY = YES;
				CLANG_WARN_ENUM_CONVERSION = YES;
				CLANG_WARN_INFINITE_RECURSION = YES;
				CLANG_WARN_INT_CONVERSION = YES;
				CLANG_WARN_NON_LITERAL_NULL_CONVERSION = YES;
				CLANG_WARN_OBJC_IMPLICIT_RETAIN_SELF = YES;
				CLANG_WARN_OBJC_LITERAL_CONVERSION = YES;
				CLANG_WARN_OBJC_ROOT_CLASS = YES_ERROR;
				CLANG_WARN_QUOTED_INCLUDE_IN_FRAMEWORK_HEADER = YES;
				CLANG_WARN_RANGE_LOOP_ANALYSIS = YES;
				CLANG_WARN_STRICT_PROTOTYPES = YES;
				CLANG_WARN_SUSPICIOUS_MOVE = YES;
				CLANG_WARN_UNGUARDED_AVAILABILITY = YES_AGGRESSIVE;
				CLANG_WARN_UNREACHABLE_CODE = YES;
				CLANG_WARN__DUPLICATE_METHOD_MATCH = YES;
				COPY_PHASE_STRIP = NO;
				DEBUG_INFORMATION_FORMAT = "dwarf-with-dsym";
				ENABLE_NS_ASSERTIONS = NO;
				ENABLE_STRICT_OBJC_MSGSEND = YES;
				ENABLE_USER_SCRIPT_SANDBOXING = YES;
				GCC_C_LANGUAGE_STANDARD = gnu17;
				GCC_NO_COMMON_BLOCKS = YES;
				GCC_WARN_64_TO_32_BIT_CONVERSION = YES;
				GCC_WARN_ABOUT_RETURN_TYPE = YES_ERROR;
				GCC_WARN_UNDECLARED_SELECTOR = YES;
				GCC_WARN_UNINITIALIZED_AUTOS = YES_AGGRESSIVE;
				GCC_WARN_UNUSED_FUNCTION = YES;
				GCC_WARN_UNUSED_VARIABLE = YES;
				IPHONEOS_DEPLOYMENT_TARGET = 17.0;
				LOCALIZATION_PREFERS_STRING_CATALOGS = YES;
				MTL_ENABLE_DEBUG_INFO = NO;
				MTL_FAST_MATH = YES;
				SDKROOT = iphoneos;
				SWIFT_COMPILATION_MODE = wholemodule;
				VALIDATE_PRODUCT = YES;
			};
			name = Release;
		};
		C3D3DC4C2BE0C97F0022FFDC /* Debug */ = {
			isa = XCBuildConfiguration;
			buildSettings = {
				ASSETCATALOG_COMPILER_APPICON_NAME = AppIcon;
				ASSETCATALOG_COMPILER_GLOBAL_ACCENT_COLOR_NAME = AccentColor;
				CODE_SIGN_ENTITLEMENTS = DemoApp/App/;
				CODE_SIGN_STYLE = Automatic;
				CURRENT_PROJECT_VERSION = 1;
				DEVELOPMENT_ASSET_PATHS = DemoApp/App/;
				DEVELOPMENT_TEAM = ZV73Z52R9A;
				GENERATE_INFOPLIST_FILE = YES;
				INFOPLIST_FILE = DemoApp/App/Info.plist;
				INFOPLIST_KEY_UIApplicationSupportsIndirectInputEvents = YES;
				INFOPLIST_KEY_UILaunchStoryboardName = LaunchScreen.storyboard;
				INFOPLIST_KEY_UISupportedInterfaceOrientations = UIInterfaceOrientationPortrait;
				IPHONEOS_DEPLOYMENT_TARGET = 16.0;
				LD_RUNPATH_SEARCH_PATHS = (
					"$(inherited)",
					"@executable_path/Frameworks",
				);
				MARKETING_VERSION = 1.0;
				PRODUCT_BUNDLE_IDENTIFIER = kisaragi.DemoApp;
				PRODUCT_NAME = "$(TARGET_NAME)";
				SWIFT_EMIT_LOC_STRINGS = YES;
				SWIFT_VERSION = 5.0;
				TARGETED_DEVICE_FAMILY = "1,2";
			};
			name = Debug;
		};
		C3D3DC4D2BE0C97F0022FFDC /* Release */ = {
			isa = XCBuildConfiguration;
			buildSettings = {
				ASSETCATALOG_COMPILER_APPICON_NAME = AppIcon;
				ASSETCATALOG_COMPILER_GLOBAL_ACCENT_COLOR_NAME = AccentColor;
				CODE_SIGN_ENTITLEMENTS = DemoApp/App/;
				CODE_SIGN_STYLE = Automatic;
				CURRENT_PROJECT_VERSION = 1;
				DEVELOPMENT_ASSET_PATHS = DemoApp/App/;
				DEVELOPMENT_TEAM = ZV73Z52R9A;
				GENERATE_INFOPLIST_FILE = YES;
				INFOPLIST_FILE = DemoApp/App/Info.plist;
				INFOPLIST_KEY_UIApplicationSupportsIndirectInputEvents = YES;
				INFOPLIST_KEY_UILaunchStoryboardName = LaunchScreen.storyboard;
				INFOPLIST_KEY_UISupportedInterfaceOrientations = UIInterfaceOrientationPortrait;
				IPHONEOS_DEPLOYMENT_TARGET = 16.0;
				LD_RUNPATH_SEARCH_PATHS = (
					"$(inherited)",
					"@executable_path/Frameworks",
				);
				MARKETING_VERSION = 1.0;
				PRODUCT_BUNDLE_IDENTIFIER = kisaragi.DemoApp;
				PRODUCT_NAME = "$(TARGET_NAME)";
				SWIFT_EMIT_LOC_STRINGS = YES;
				SWIFT_VERSION = 5.0;
				TARGETED_DEVICE_FAMILY = "1,2";
			};
			name = Release;
		};
/* End XCBuildConfiguration section */

/* Begin XCConfigurationList section */
		C3D3DC322BE0C97E0022FFDC /* Build configuration list for PBXProject "DemoApp" */ = {
			isa = XCConfigurationList;
			buildConfigurations = (
				C3D3DC492BE0C97F0022FFDC /* Debug */,
				C3D3DC4A2BE0C97F0022FFDC /* Release */,
			);
			defaultConfigurationIsVisible = 0;
			defaultConfigurationName = Release;
		};
		C3D3DC4B2BE0C97F0022FFDC /* Build configuration list for PBXNativeTarget "DemoApp" */ = {
			isa = XCConfigurationList;
			buildConfigurations = (
				C3D3DC4C2BE0C97F0022FFDC /* Debug */,
				C3D3DC4D2BE0C97F0022FFDC /* Release */,
			);
			defaultConfigurationIsVisible = 0;
			defaultConfigurationName = Release;
		};
/* End XCConfigurationList section */
	};
	rootObject = C3D3DC2F2BE0C97E0022FFDC /* Project object */;
}
